
Microsoft Visual Studio Solution File, Format Version 12.00
Project("{FAE04EC0-301F-11D3-BF4B-00C04F79EFBC}") = "FileDatabase", "FileDatabase\FileDatabase.csproj", "{F6472A50-715D-4BAE-B4C9-5CC54C776DC5}"
EndProject
Global
	GlobalSection(SolutionConfigurationPlatforms) = preSolution
		Debug|Any CPU = Debug|Any CPU
		Release|Any CPU = Release|Any CPU
	EndGlobalSection
	GlobalSection(ProjectConfigurationPlatforms) = postSolution
		{F6472A50-715D-4BAE-B4C9-5CC54C776DC5}.Debug|Any CPU.ActiveCfg = Debug|Any CPU
		{F6472A50-715D-4BAE-B4C9-5CC54C776DC5}.Debug|Any CPU.Build.0 = Debug|Any CPU
		{F6472A50-715D-4BAE-B4C9-5CC54C776DC5}.Release|Any CPU.ActiveCfg = Release|Any CPU
		{F6472A50-715D-4BAE-B4C9-5CC54C776DC5}.Release|Any CPU.Build.0 = Release|Any CPU
	EndGlobalSection
EndGlobal
